
Microsoft Visual Studio Solution File, Format Version 12.00
# Visual Studio Version 16
VisualStudioVersion = 16.0.30114.105
MinimumVisualStudioVersion = 10.0.40219.1
Project("{FAE04EC0-301F-11D3-BF4B-00C04F79EFBC}") = "QuanLyKyTucXa", "QuanLyKyTucXa\QuanLyKyTucXa.csproj", "{C88EB0C0-FDE3-4F8E-8B9F-E26B18924BF2}"
EndProject
Project("{54435603-DBB4-11D2-8724-00A0C9A8B90C}") = "Setup1", "app\Setup1\Setup1.vdproj", "{39CA82B1-904C-4751-80E4-0879C98627AB}"
EndProject
Global
	GlobalSection(SolutionConfigurationPlatforms) = preSolution
		Debug|Any CPU = Debug|Any CPU
		Release|Any CPU = Release|Any CPU
	EndGlobalSection
	GlobalSection(ProjectConfigurationPlatforms) = postSolution
		{C88EB0C0-FDE3-4F8E-8B9F-E26B18924BF2}.Debug|Any CPU.ActiveCfg = Debug|Any CPU
		{C88EB0C0-FDE3-4F8E-8B9F-E26B18924BF2}.Debug|Any CPU.Build.0 = Debug|Any CPU
		{C88EB0C0-FDE3-4F8E-8B9F-E26B18924BF2}.Release|Any CPU.ActiveCfg = Release|Any CPU
		{C88EB0C0-FDE3-4F8E-8B9F-E26B18924BF2}.Release|Any CPU.Build.0 = Release|Any CPU
		{39CA82B1-904C-4751-80E4-0879C98627AB}.Debug|Any CPU.ActiveCfg = Debug
		{39CA82B1-904C-4751-80E4-0879C98627AB}.Release|Any CPU.ActiveCfg = Release
	EndGlobalSection
	GlobalSection(SolutionProperties) = preSolution
		HideSolutionNode = FALSE
	EndGlobalSection
	GlobalSection(ExtensibilityGlobals) = postSolution
		SolutionGuid = {286896B3-9D3A-45FC-97DE-8D9512E6BB81}
	EndGlobalSection
EndGlobal
